// !$*UTF8*$!
{
	archiveVersion = 1;
	classes = {
	};
	objectVersion = 46;
	objects = {

/* Begin PBXBuildFile section */
		20E2E4C26EDFCE4109645863 /* Pods_DairyNutrition.framework in Frameworks */ = {isa = PBXBuildFile; fileRef = 19BAB43CBDE0133D41A98100 /* Pods_DairyNutrition.framework */; };
		400726361DF7155000908A3D /* DashboardTableViewController.swift in Sources */ = {isa = PBXBuildFile; fileRef = 400726351DF7155000908A3D /* DashboardTableViewController.swift */; };
		400726381DF7197100908A3D /* DashboardViewController.swift in Sources */ = {isa = PBXBuildFile; fileRef = 400726371DF7197100908A3D /* DashboardViewController.swift */; };
		4008EE7A1DD2111A007B3F8B /* StringExtensions.swift in Sources */ = {isa = PBXBuildFile; fileRef = 4008EE791DD2111A007B3F8B /* StringExtensions.swift */; };
		4008EE7C1DD235B6007B3F8B /* User.swift in Sources */ = {isa = PBXBuildFile; fileRef = 4008EE7B1DD235B6007B3F8B /* User.swift */; };
		4008EE7E1DD23BCD007B3F8B /* Shared.swift in Sources */ = {isa = PBXBuildFile; fileRef = 4008EE7D1DD23BCD007B3F8B /* Shared.swift */; };
		4008EE801DD23D4E007B3F8B /* DairyAPI.swift in Sources */ = {isa = PBXBuildFile; fileRef = 4008EE7F1DD23D4E007B3F8B /* DairyAPI.swift */; };
		4009F0251DD2CF2D00293A5A /* SignUpWithUserInfoViewController.swift in Sources */ = {isa = PBXBuildFile; fileRef = 4009F0241DD2CF2D00293A5A /* SignUpWithUserInfoViewController.swift */; };
		401138F01DD6D55800983310 /* Reachability.swift in Sources */ = {isa = PBXBuildFile; fileRef = 401138EF1DD6D55800983310 /* Reachability.swift */; };
		401138F21DD6EE2000983310 /* Notification+Name.swift in Sources */ = {isa = PBXBuildFile; fileRef = 401138F11DD6EE2000983310 /* Notification+Name.swift */; };
		401138F41DD7148200983310 /* UserDefaults+Key.swift in Sources */ = {isa = PBXBuildFile; fileRef = 401138F31DD7148200983310 /* UserDefaults+Key.swift */; };
		40306D331E0107A100FC9970 /* FoodsTableSectionHeaderView.swift in Sources */ = {isa = PBXBuildFile; fileRef = 40306D321E0107A100FC9970 /* FoodsTableSectionHeaderView.swift */; };
		4058B9AD1DBBC46300024143 /* Images.xcassets in Resources */ = {isa = PBXBuildFile; fileRef = 4058B9AC1DBBC46300024143 /* Images.xcassets */; };
		405965B41DD0ACE100EB5F19 /* SignUpSecondViewController.swift in Sources */ = {isa = PBXBuildFile; fileRef = 405965B31DD0ACE100EB5F19 /* SignUpSecondViewController.swift */; };
		405965B61DD0ACF100EB5F19 /* SignUpThirdViewController.swift in Sources */ = {isa = PBXBuildFile; fileRef = 405965B51DD0ACF100EB5F19 /* SignUpThirdViewController.swift */; };
		405965B81DD0AD1500EB5F19 /* SignUpFourthViewController.swift in Sources */ = {isa = PBXBuildFile; fileRef = 405965B71DD0AD1500EB5F19 /* SignUpFourthViewController.swift */; };
		405965BA1DD0AD2600EB5F19 /* SignUpFifthViewController.swift in Sources */ = {isa = PBXBuildFile; fileRef = 405965B91DD0AD2600EB5F19 /* SignUpFifthViewController.swift */; };
		405965BC1DD0AD3200EB5F19 /* SignUpSixthViewController.swift in Sources */ = {isa = PBXBuildFile; fileRef = 405965BB1DD0AD3200EB5F19 /* SignUpSixthViewController.swift */; };
		405965BF1DD0AD4B00EB5F19 /* SignUpSeventhViewController.swift in Sources */ = {isa = PBXBuildFile; fileRef = 405965BE1DD0AD4B00EB5F19 /* SignUpSeventhViewController.swift */; };
		405965C31DD0CB9D00EB5F19 /* RadioButton.swift in Sources */ = {isa = PBXBuildFile; fileRef = 405965C21DD0CB9D00EB5F19 /* RadioButton.swift */; };
		405B81801DC2288200E761BC /* DictionaryExtensions.swift in Sources */ = {isa = PBXBuildFile; fileRef = 405B817F1DC2288200E761BC /* DictionaryExtensions.swift */; };
		405B81861DC2291300E761BC /* NSDictionaryExtensions.swift in Sources */ = {isa = PBXBuildFile; fileRef = 405B81851DC2291300E761BC /* NSDictionaryExtensions.swift */; };
		405B81881DC2293400E761BC /* UIAlertControllerExtensions.swift in Sources */ = {isa = PBXBuildFile; fileRef = 405B81871DC2293400E761BC /* UIAlertControllerExtensions.swift */; };
		405B818A1DC2295000E761BC /* UIColorExtensions.swift in Sources */ = {isa = PBXBuildFile; fileRef = 405B81891DC2295000E761BC /* UIColorExtensions.swift */; };
		405B818C1DC2297300E761BC /* UIImageExtensions.swift in Sources */ = {isa = PBXBuildFile; fileRef = 405B818B1DC2297300E761BC /* UIImageExtensions.swift */; };
		405B818E1DC2298500E761BC /* UIImageViewExtensions.swift in Sources */ = {isa = PBXBuildFile; fileRef = 405B818D1DC2298500E761BC /* UIImageViewExtensions.swift */; };
		405B81901DC229A900E761BC /* UIStoryBoardExtensions.swift in Sources */ = {isa = PBXBuildFile; fileRef = 405B818F1DC229A900E761BC /* UIStoryBoardExtensions.swift */; };
		405B81921DC229C200E761BC /* UIViewControllerExtensions.swift in Sources */ = {isa = PBXBuildFile; fileRef = 405B81911DC229C200E761BC /* UIViewControllerExtensions.swift */; };
		405B81941DC22ABD00E761BC /* UIViewExtensions.swift in Sources */ = {isa = PBXBuildFile; fileRef = 405B81931DC22ABD00E761BC /* UIViewExtensions.swift */; };
		405B81961DC22BC700E761BC /* CGRectExtensions.swift in Sources */ = {isa = PBXBuildFile; fileRef = 405B81951DC22BC700E761BC /* CGRectExtensions.swift */; };
		405B81991DC22BD800E761BC /* CGFloatExtensions.swift in Sources */ = {isa = PBXBuildFile; fileRef = 405B81981DC22BD800E761BC /* CGFloatExtensions.swift */; };
		405B81A21DC22D1100E761BC /* ArrayExtensions.swift in Sources */ = {isa = PBXBuildFile; fileRef = 405B819A1DC22D1100E761BC /* ArrayExtensions.swift */; };
		405B81A31DC22D1100E761BC /* BlockButton.swift in Sources */ = {isa = PBXBuildFile; fileRef = 405B819B1DC22D1100E761BC /* BlockButton.swift */; };
		405B81A41DC22D1100E761BC /* BlockLongPress.swift in Sources */ = {isa = PBXBuildFile; fileRef = 405B819C1DC22D1100E761BC /* BlockLongPress.swift */; };
		405B81A51DC22D1100E761BC /* BlockPan.swift in Sources */ = {isa = PBXBuildFile; fileRef = 405B819D1DC22D1100E761BC /* BlockPan.swift */; };
		405B81A61DC22D1100E761BC /* BlockPinch.swift in Sources */ = {isa = PBXBuildFile; fileRef = 405B819E1DC22D1100E761BC /* BlockPinch.swift */; };
		405B81A71DC22D1100E761BC /* BlockSwipe.swift in Sources */ = {isa = PBXBuildFile; fileRef = 405B819F1DC22D1100E761BC /* BlockSwipe.swift */; };
		405B81A81DC22D1100E761BC /* BlockTap.swift in Sources */ = {isa = PBXBuildFile; fileRef = 405B81A01DC22D1100E761BC /* BlockTap.swift */; };
		405B81A91DC22D1100E761BC /* EZSwiftFunctions.swift in Sources */ = {isa = PBXBuildFile; fileRef = 405B81A11DC22D1100E761BC /* EZSwiftFunctions.swift */; };
		405B81AB1DC22D6A00E761BC /* UIApplicationExtensions.swift in Sources */ = {isa = PBXBuildFile; fileRef = 405B81AA1DC22D6A00E761BC /* UIApplicationExtensions.swift */; };
		405B81AD1DC23DFF00E761BC /* MainViewController.swift in Sources */ = {isa = PBXBuildFile; fileRef = 405B81AC1DC23DFF00E761BC /* MainViewController.swift */; };
		405B81B01DC23E5300E761BC /* LoginViewController.swift in Sources */ = {isa = PBXBuildFile; fileRef = 405B81AF1DC23E5300E761BC /* LoginViewController.swift */; };
		4067BC371DC3A86A007F9CF9 /* Constants.swift in Sources */ = {isa = PBXBuildFile; fileRef = 4067BC361DC3A86A007F9CF9 /* Constants.swift */; };
		4077B1AE1DC6E5710074EB3B /* Designable+Button.swift in Sources */ = {isa = PBXBuildFile; fileRef = 4077B1AD1DC6E5710074EB3B /* Designable+Button.swift */; };
		40890E291DF7B6DE00DCE931 /* MenuTableViewController.swift in Sources */ = {isa = PBXBuildFile; fileRef = 40890E281DF7B6DE00DCE931 /* MenuTableViewController.swift */; };
		40890E301DF7D07300DCE931 /* CustomSearchBar.swift in Sources */ = {isa = PBXBuildFile; fileRef = 40890E2F1DF7D07300DCE931 /* CustomSearchBar.swift */; };
		40890E321DF7D0AD00DCE931 /* FoodSearchViewController.swift in Sources */ = {isa = PBXBuildFile; fileRef = 40890E311DF7D0AD00DCE931 /* FoodSearchViewController.swift */; };
		4094E6921DFEE3120013DEBE /* AddFoodViewController.swift in Sources */ = {isa = PBXBuildFile; fileRef = 4094E6911DFEE3120013DEBE /* AddFoodViewController.swift */; };
		40984AD81DC4A15100BA7D6B /* UIView+IBInspectable.swift in Sources */ = {isa = PBXBuildFile; fileRef = 40984AD71DC4A15100BA7D6B /* UIView+IBInspectable.swift */; };
		40A1117C1DD1A88F0096E78D /* RadioButtonWithSubtext.swift in Sources */ = {isa = PBXBuildFile; fileRef = 40A1117B1DD1A88F0096E78D /* RadioButtonWithSubtext.swift */; };
		40AC566B1DD8A78600F30F0A /* UserService.swift in Sources */ = {isa = PBXBuildFile; fileRef = 40AC566A1DD8A78600F30F0A /* UserService.swift */; };
		40C44C831DF7D65800B37AC2 /* foods_min.json in Resources */ = {isa = PBXBuildFile; fileRef = 40C44C821DF7D65800B37AC2 /* foods_min.json */; };
		40CCDF391DBBBCFB00D00981 /* AppDelegate.swift in Sources */ = {isa = PBXBuildFile; fileRef = 40CCDF381DBBBCFB00D00981 /* AppDelegate.swift */; };
		40CCDF3E1DBBBCFB00D00981 /* Main.storyboard in Resources */ = {isa = PBXBuildFile; fileRef = 40CCDF3C1DBBBCFB00D00981 /* Main.storyboard */; };
		40CCDF411DBBBCFB00D00981 /* DairyNutrition.xcdatamodeld in Sources */ = {isa = PBXBuildFile; fileRef = 40CCDF3F1DBBBCFB00D00981 /* DairyNutrition.xcdatamodeld */; };
		40CCDF461DBBBCFB00D00981 /* LaunchScreen.storyboard in Resources */ = {isa = PBXBuildFile; fileRef = 40CCDF441DBBBCFB00D00981 /* LaunchScreen.storyboard */; };
		40D159781E018CE9008220AC /* ExercisesTableSectionHeader.xib in Resources */ = {isa = PBXBuildFile; fileRef = 40D159771E018CE9008220AC /* ExercisesTableSectionHeader.xib */; };
		40D1597A1E018E9B008220AC /* ExercisesTableSectionHeaderView.swift in Sources */ = {isa = PBXBuildFile; fileRef = 40D159791E018E9B008220AC /* ExercisesTableSectionHeaderView.swift */; };
		40D55EFF1DBDA88400FA033C /* Assets.xcassets in Resources */ = {isa = PBXBuildFile; fileRef = 40D55EFE1DBDA88400FA033C /* Assets.xcassets */; };
		40E5499B1DFFE51F00D3563A /* AddExerciseViewController.swift in Sources */ = {isa = PBXBuildFile; fileRef = 40E5499A1DFFE51F00D3563A /* AddExerciseViewController.swift */; };
		40E5499D1DFFEF4B00D3563A /* FoodsTableSectionHeader.xib in Resources */ = {isa = PBXBuildFile; fileRef = 40E5499C1DFFEF4B00D3563A /* FoodsTableSectionHeader.xib */; };
		40F196D71E025CF600CD0317 /* FoodService.swift in Sources */ = {isa = PBXBuildFile; fileRef = 40F196D61E025CF600CD0317 /* FoodService.swift */; };
		40F196D91E0262F500CD0317 /* Food.swift in Sources */ = {isa = PBXBuildFile; fileRef = 40F196D81E0262F500CD0317 /* Food.swift */; };
		40F196DB1E02630200CD0317 /* Nutrient.swift in Sources */ = {isa = PBXBuildFile; fileRef = 40F196DA1E02630200CD0317 /* Nutrient.swift */; };
		40F196E01E02752700CD0317 /* FoodDetailsViewController.swift in Sources */ = {isa = PBXBuildFile; fileRef = 40F196DF1E02752700CD0317 /* FoodDetailsViewController.swift */; };
		40F196E31E02C98300CD0317 /* Food+CoreDataClass.swift in Sources */ = {isa = PBXBuildFile; fileRef = 40F196E21E02C98300CD0317 /* Food+CoreDataClass.swift */; };
		40F196E51E02C99500CD0317 /* Food+CoreDataProperties.swift in Sources */ = {isa = PBXBuildFile; fileRef = 40F196E41E02C99500CD0317 /* Food+CoreDataProperties.swift */; };
		40F196E71E02C9A600CD0317 /* Food+ AlecrimCoreDataAttributes.swift in Sources */ = {isa = PBXBuildFile; fileRef = 40F196E61E02C9A600CD0317 /* Food+ AlecrimCoreDataAttributes.swift */; };
		40F196E91E02CD4900CD0317 /* Nutrient+CoreDataClass.swift in Sources */ = {isa = PBXBuildFile; fileRef = 40F196E81E02CD4900CD0317 /* Nutrient+CoreDataClass.swift */; };
		40F196EB1E02CD5400CD0317 /* Nutrient+CoreDataProperties.swift in Sources */ = {isa = PBXBuildFile; fileRef = 40F196EA1E02CD5400CD0317 /* Nutrient+CoreDataProperties.swift */; };
		40F196ED1E02CD6D00CD0317 /* Nutrient+ AlecrimCoreDataAttributes.swift in Sources */ = {isa = PBXBuildFile; fileRef = 40F196EC1E02CD6D00CD0317 /* Nutrient+ AlecrimCoreDataAttributes.swift */; };
		40F196EF1E02E5DF00CD0317 /* Entity+CoreDataClass.swift in Sources */ = {isa = PBXBuildFile; fileRef = 40F196EE1E02E5DF00CD0317 /* Entity+CoreDataClass.swift */; };
		40F196F11E02E5EA00CD0317 /* Entity+CoreDataProperties.swift in Sources */ = {isa = PBXBuildFile; fileRef = 40F196F01E02E5EA00CD0317 /* Entity+CoreDataProperties.swift */; };
		40F196F31E02E5F400CD0317 /* Entity+AlecrimCoreDataAttributes.swift in Sources */ = {isa = PBXBuildFile; fileRef = 40F196F21E02E5F400CD0317 /* Entity+AlecrimCoreDataAttributes.swift */; };
		40F6932B1DCF6F4200A4D75B /* WelcomeViewController.swift in Sources */ = {isa = PBXBuildFile; fileRef = 40F6932A1DCF6F4200A4D75B /* WelcomeViewController.swift */; };
		40F6932F1DCF79FC00A4D75B /* moments.mp4 in Resources */ = {isa = PBXBuildFile; fileRef = 40F6932E1DCF79FC00A4D75B /* moments.mp4 */; };
		40FD9C741DD022BA00436D5D /* SignUpViewController.swift in Sources */ = {isa = PBXBuildFile; fileRef = 40FD9C731DD022BA00436D5D /* SignUpViewController.swift */; };
		40FD9C761DD022CE00436D5D /* SignUpPageViewController.swift in Sources */ = {isa = PBXBuildFile; fileRef = 40FD9C751DD022CE00436D5D /* SignUpPageViewController.swift */; };
		40FD9C781DD0387900436D5D /* SignUpFirstViewController.swift in Sources */ = {isa = PBXBuildFile; fileRef = 40FD9C771DD0387900436D5D /* SignUpFirstViewController.swift */; };
/* End PBXBuildFile section */

/* Begin PBXFileReference section */
		19BAB43CBDE0133D41A98100 /* Pods_DairyNutrition.framework */ = {isa = PBXFileReference; explicitFileType = wrapper.framework; includeInIndex = 0; path = Pods_DairyNutrition.framework; sourceTree = BUILT_PRODUCTS_DIR; };
		400726351DF7155000908A3D /* DashboardTableViewController.swift */ = {isa = PBXFileReference; fileEncoding = 4; lastKnownFileType = sourcecode.swift; path = DashboardTableViewController.swift; sourceTree = "<group>"; };
		400726371DF7197100908A3D /* DashboardViewController.swift */ = {isa = PBXFileReference; fileEncoding = 4; lastKnownFileType = sourcecode.swift; path = DashboardViewController.swift; sourceTree = "<group>"; };
		4008EE791DD2111A007B3F8B /* StringExtensions.swift */ = {isa = PBXFileReference; fileEncoding = 4; lastKnownFileType = sourcecode.swift; path = StringExtensions.swift; sourceTree = "<group>"; };
		4008EE7B1DD235B6007B3F8B /* User.swift */ = {isa = PBXFileReference; fileEncoding = 4; lastKnownFileType = sourcecode.swift; path = User.swift; sourceTree = "<group>"; };
		4008EE7D1DD23BCD007B3F8B /* Shared.swift */ = {isa = PBXFileReference; fileEncoding = 4; lastKnownFileType = sourcecode.swift; path = Shared.swift; sourceTree = "<group>"; };
		4008EE7F1DD23D4E007B3F8B /* DairyAPI.swift */ = {isa = PBXFileReference; fileEncoding = 4; lastKnownFileType = sourcecode.swift; path = DairyAPI.swift; sourceTree = "<group>"; };
		4009F0241DD2CF2D00293A5A /* SignUpWithUserInfoViewController.swift */ = {isa = PBXFileReference; fileEncoding = 4; lastKnownFileType = sourcecode.swift; path = SignUpWithUserInfoViewController.swift; sourceTree = "<group>"; };
		401138EF1DD6D55800983310 /* Reachability.swift */ = {isa = PBXFileReference; fileEncoding = 4; lastKnownFileType = sourcecode.swift; path = Reachability.swift; sourceTree = "<group>"; };
		401138F11DD6EE2000983310 /* Notification+Name.swift */ = {isa = PBXFileReference; fileEncoding = 4; lastKnownFileType = sourcecode.swift; path = "Notification+Name.swift"; sourceTree = "<group>"; };
		401138F31DD7148200983310 /* UserDefaults+Key.swift */ = {isa = PBXFileReference; fileEncoding = 4; lastKnownFileType = sourcecode.swift; path = "UserDefaults+Key.swift"; sourceTree = "<group>"; };
		40306D321E0107A100FC9970 /* FoodsTableSectionHeaderView.swift */ = {isa = PBXFileReference; fileEncoding = 4; lastKnownFileType = sourcecode.swift; path = FoodsTableSectionHeaderView.swift; sourceTree = "<group>"; };
		4058B9AC1DBBC46300024143 /* Images.xcassets */ = {isa = PBXFileReference; lastKnownFileType = folder.assetcatalog; path = Images.xcassets; sourceTree = "<group>"; };
		405965B31DD0ACE100EB5F19 /* SignUpSecondViewController.swift */ = {isa = PBXFileReference; fileEncoding = 4; lastKnownFileType = sourcecode.swift; path = SignUpSecondViewController.swift; sourceTree = "<group>"; };
		405965B51DD0ACF100EB5F19 /* SignUpThirdViewController.swift */ = {isa = PBXFileReference; fileEncoding = 4; lastKnownFileType = sourcecode.swift; path = SignUpThirdViewController.swift; sourceTree = "<group>"; };
		405965B71DD0AD1500EB5F19 /* SignUpFourthViewController.swift */ = {isa = PBXFileReference; fileEncoding = 4; lastKnownFileType = sourcecode.swift; path = SignUpFourthViewController.swift; sourceTree = "<group>"; };
		405965B91DD0AD2600EB5F19 /* SignUpFifthViewController.swift */ = {isa = PBXFileReference; fileEncoding = 4; lastKnownFileType = sourcecode.swift; path = SignUpFifthViewController.swift; sourceTree = "<group>"; };
		405965BB1DD0AD3200EB5F19 /* SignUpSixthViewController.swift */ = {isa = PBXFileReference; fileEncoding = 4; lastKnownFileType = sourcecode.swift; path = SignUpSixthViewController.swift; sourceTree = "<group>"; };
		405965BE1DD0AD4B00EB5F19 /* SignUpSeventhViewController.swift */ = {isa = PBXFileReference; fileEncoding = 4; lastKnownFileType = sourcecode.swift; path = SignUpSeventhViewController.swift; sourceTree = "<group>"; };
		405965C21DD0CB9D00EB5F19 /* RadioButton.swift */ = {isa = PBXFileReference; fileEncoding = 4; lastKnownFileType = sourcecode.swift; path = RadioButton.swift; sourceTree = "<group>"; };
		405B817F1DC2288200E761BC /* DictionaryExtensions.swift */ = {isa = PBXFileReference; fileEncoding = 4; lastKnownFileType = sourcecode.swift; path = DictionaryExtensions.swift; sourceTree = "<group>"; };
		405B81851DC2291300E761BC /* NSDictionaryExtensions.swift */ = {isa = PBXFileReference; fileEncoding = 4; lastKnownFileType = sourcecode.swift; path = NSDictionaryExtensions.swift; sourceTree = "<group>"; };
		405B81871DC2293400E761BC /* UIAlertControllerExtensions.swift */ = {isa = PBXFileReference; fileEncoding = 4; lastKnownFileType = sourcecode.swift; path = UIAlertControllerExtensions.swift; sourceTree = "<group>"; };
		405B81891DC2295000E761BC /* UIColorExtensions.swift */ = {isa = PBXFileReference; fileEncoding = 4; lastKnownFileType = sourcecode.swift; path = UIColorExtensions.swift; sourceTree = "<group>"; };
		405B818B1DC2297300E761BC /* UIImageExtensions.swift */ = {isa = PBXFileReference; fileEncoding = 4; lastKnownFileType = sourcecode.swift; path = UIImageExtensions.swift; sourceTree = "<group>"; };
		405B818D1DC2298500E761BC /* UIImageViewExtensions.swift */ = {isa = PBXFileReference; fileEncoding = 4; lastKnownFileType = sourcecode.swift; path = UIImageViewExtensions.swift; sourceTree = "<group>"; };
		405B818F1DC229A900E761BC /* UIStoryBoardExtensions.swift */ = {isa = PBXFileReference; fileEncoding = 4; lastKnownFileType = sourcecode.swift; path = UIStoryBoardExtensions.swift; sourceTree = "<group>"; };
		405B81911DC229C200E761BC /* UIViewControllerExtensions.swift */ = {isa = PBXFileReference; fileEncoding = 4; lastKnownFileType = sourcecode.swift; path = UIViewControllerExtensions.swift; sourceTree = "<group>"; };
		405B81931DC22ABD00E761BC /* UIViewExtensions.swift */ = {isa = PBXFileReference; fileEncoding = 4; lastKnownFileType = sourcecode.swift; path = UIViewExtensions.swift; sourceTree = "<group>"; };
		405B81951DC22BC700E761BC /* CGRectExtensions.swift */ = {isa = PBXFileReference; fileEncoding = 4; lastKnownFileType = sourcecode.swift; path = CGRectExtensions.swift; sourceTree = "<group>"; };
		405B81981DC22BD800E761BC /* CGFloatExtensions.swift */ = {isa = PBXFileReference; fileEncoding = 4; lastKnownFileType = sourcecode.swift; path = CGFloatExtensions.swift; sourceTree = "<group>"; };
		405B819A1DC22D1100E761BC /* ArrayExtensions.swift */ = {isa = PBXFileReference; fileEncoding = 4; lastKnownFileType = sourcecode.swift; path = ArrayExtensions.swift; sourceTree = "<group>"; };
		405B819B1DC22D1100E761BC /* BlockButton.swift */ = {isa = PBXFileReference; fileEncoding = 4; lastKnownFileType = sourcecode.swift; path = BlockButton.swift; sourceTree = "<group>"; };
		405B819C1DC22D1100E761BC /* BlockLongPress.swift */ = {isa = PBXFileReference; fileEncoding = 4; lastKnownFileType = sourcecode.swift; path = BlockLongPress.swift; sourceTree = "<group>"; };
		405B819D1DC22D1100E761BC /* BlockPan.swift */ = {isa = PBXFileReference; fileEncoding = 4; lastKnownFileType = sourcecode.swift; path = BlockPan.swift; sourceTree = "<group>"; };
		405B819E1DC22D1100E761BC /* BlockPinch.swift */ = {isa = PBXFileReference; fileEncoding = 4; lastKnownFileType = sourcecode.swift; path = BlockPinch.swift; sourceTree = "<group>"; };
		405B819F1DC22D1100E761BC /* BlockSwipe.swift */ = {isa = PBXFileReference; fileEncoding = 4; lastKnownFileType = sourcecode.swift; path = BlockSwipe.swift; sourceTree = "<group>"; };
		405B81A01DC22D1100E761BC /* BlockTap.swift */ = {isa = PBXFileReference; fileEncoding = 4; lastKnownFileType = sourcecode.swift; path = BlockTap.swift; sourceTree = "<group>"; };
		405B81A11DC22D1100E761BC /* EZSwiftFunctions.swift */ = {isa = PBXFileReference; fileEncoding = 4; lastKnownFileType = sourcecode.swift; path = EZSwiftFunctions.swift; sourceTree = "<group>"; };
		405B81AA1DC22D6A00E761BC /* UIApplicationExtensions.swift */ = {isa = PBXFileReference; fileEncoding = 4; lastKnownFileType = sourcecode.swift; path = UIApplicationExtensions.swift; sourceTree = "<group>"; };
		405B81AC1DC23DFF00E761BC /* MainViewController.swift */ = {isa = PBXFileReference; fileEncoding = 4; lastKnownFileType = sourcecode.swift; path = MainViewController.swift; sourceTree = "<group>"; };
		405B81AF1DC23E5300E761BC /* LoginViewController.swift */ = {isa = PBXFileReference; fileEncoding = 4; lastKnownFileType = sourcecode.swift; path = LoginViewController.swift; sourceTree = "<group>"; };
		4067BC361DC3A86A007F9CF9 /* Constants.swift */ = {isa = PBXFileReference; fileEncoding = 4; lastKnownFileType = sourcecode.swift; path = Constants.swift; sourceTree = "<group>"; };
		4077B1AD1DC6E5710074EB3B /* Designable+Button.swift */ = {isa = PBXFileReference; fileEncoding = 4; lastKnownFileType = sourcecode.swift; path = "Designable+Button.swift"; sourceTree = "<group>"; };
		40890E281DF7B6DE00DCE931 /* MenuTableViewController.swift */ = {isa = PBXFileReference; fileEncoding = 4; lastKnownFileType = sourcecode.swift; path = MenuTableViewController.swift; sourceTree = "<group>"; };
		40890E2F1DF7D07300DCE931 /* CustomSearchBar.swift */ = {isa = PBXFileReference; fileEncoding = 4; lastKnownFileType = sourcecode.swift; path = CustomSearchBar.swift; sourceTree = "<group>"; };
		40890E311DF7D0AD00DCE931 /* FoodSearchViewController.swift */ = {isa = PBXFileReference; fileEncoding = 4; lastKnownFileType = sourcecode.swift; path = FoodSearchViewController.swift; sourceTree = "<group>"; };
		4094E6911DFEE3120013DEBE /* AddFoodViewController.swift */ = {isa = PBXFileReference; fileEncoding = 4; lastKnownFileType = sourcecode.swift; path = AddFoodViewController.swift; sourceTree = "<group>"; };
		40984AD71DC4A15100BA7D6B /* UIView+IBInspectable.swift */ = {isa = PBXFileReference; fileEncoding = 4; lastKnownFileType = sourcecode.swift; path = "UIView+IBInspectable.swift"; sourceTree = "<group>"; };
		40A1117B1DD1A88F0096E78D /* RadioButtonWithSubtext.swift */ = {isa = PBXFileReference; fileEncoding = 4; lastKnownFileType = sourcecode.swift; path = RadioButtonWithSubtext.swift; sourceTree = "<group>"; };
		40AC566A1DD8A78600F30F0A /* UserService.swift */ = {isa = PBXFileReference; fileEncoding = 4; lastKnownFileType = sourcecode.swift; path = UserService.swift; sourceTree = "<group>"; };
		40C44C821DF7D65800B37AC2 /* foods_min.json */ = {isa = PBXFileReference; fileEncoding = 4; lastKnownFileType = text.json; path = foods_min.json; sourceTree = "<group>"; };
		40CCDF351DBBBCFB00D00981 /* DairyNutrition.app */ = {isa = PBXFileReference; explicitFileType = wrapper.application; includeInIndex = 0; path = DairyNutrition.app; sourceTree = BUILT_PRODUCTS_DIR; };
		40CCDF381DBBBCFB00D00981 /* AppDelegate.swift */ = {isa = PBXFileReference; lastKnownFileType = sourcecode.swift; path = AppDelegate.swift; sourceTree = "<group>"; };
		40CCDF3D1DBBBCFB00D00981 /* Base */ = {isa = PBXFileReference; lastKnownFileType = file.storyboard; name = Base; path = Base.lproj/Main.storyboard; sourceTree = "<group>"; };
		40CCDF401DBBBCFB00D00981 /* DairyNutrition.xcdatamodel */ = {isa = PBXFileReference; lastKnownFileType = wrapper.xcdatamodel; path = DairyNutrition.xcdatamodel; sourceTree = "<group>"; };
		40CCDF451DBBBCFB00D00981 /* Base */ = {isa = PBXFileReference; lastKnownFileType = file.storyboard; name = Base; path = Base.lproj/LaunchScreen.storyboard; sourceTree = "<group>"; };
		40CCDF471DBBBCFB00D00981 /* Info.plist */ = {isa = PBXFileReference; lastKnownFileType = text.plist.xml; path = Info.plist; sourceTree = "<group>"; };
		40D159771E018CE9008220AC /* ExercisesTableSectionHeader.xib */ = {isa = PBXFileReference; fileEncoding = 4; lastKnownFileType = file.xib; path = ExercisesTableSectionHeader.xib; sourceTree = "<group>"; };
		40D159791E018E9B008220AC /* ExercisesTableSectionHeaderView.swift */ = {isa = PBXFileReference; fileEncoding = 4; lastKnownFileType = sourcecode.swift; path = ExercisesTableSectionHeaderView.swift; sourceTree = "<group>"; };
		40D55EFE1DBDA88400FA033C /* Assets.xcassets */ = {isa = PBXFileReference; lastKnownFileType = folder.assetcatalog; path = Assets.xcassets; sourceTree = "<group>"; };
		40E5499A1DFFE51F00D3563A /* AddExerciseViewController.swift */ = {isa = PBXFileReference; fileEncoding = 4; lastKnownFileType = sourcecode.swift; path = AddExerciseViewController.swift; sourceTree = "<group>"; };
		40E5499C1DFFEF4B00D3563A /* FoodsTableSectionHeader.xib */ = {isa = PBXFileReference; fileEncoding = 4; lastKnownFileType = file.xib; path = FoodsTableSectionHeader.xib; sourceTree = "<group>"; };
		40F196D61E025CF600CD0317 /* FoodService.swift */ = {isa = PBXFileReference; fileEncoding = 4; lastKnownFileType = sourcecode.swift; path = FoodService.swift; sourceTree = "<group>"; };
		40F196D81E0262F500CD0317 /* Food.swift */ = {isa = PBXFileReference; fileEncoding = 4; lastKnownFileType = sourcecode.swift; path = Food.swift; sourceTree = "<group>"; };
		40F196DA1E02630200CD0317 /* Nutrient.swift */ = {isa = PBXFileReference; fileEncoding = 4; lastKnownFileType = sourcecode.swift; path = Nutrient.swift; sourceTree = "<group>"; };
		40F196DF1E02752700CD0317 /* FoodDetailsViewController.swift */ = {isa = PBXFileReference; fileEncoding = 4; lastKnownFileType = sourcecode.swift; path = FoodDetailsViewController.swift; sourceTree = "<group>"; };
		40F196E21E02C98300CD0317 /* Food+CoreDataClass.swift */ = {isa = PBXFileReference; fileEncoding = 4; lastKnownFileType = sourcecode.swift; path = "Food+CoreDataClass.swift"; sourceTree = "<group>"; };
		40F196E41E02C99500CD0317 /* Food+CoreDataProperties.swift */ = {isa = PBXFileReference; fileEncoding = 4; lastKnownFileType = sourcecode.swift; path = "Food+CoreDataProperties.swift"; sourceTree = "<group>"; };
		40F196E61E02C9A600CD0317 /* Food+ AlecrimCoreDataAttributes.swift */ = {isa = PBXFileReference; fileEncoding = 4; lastKnownFileType = sourcecode.swift; path = "Food+ AlecrimCoreDataAttributes.swift"; sourceTree = "<group>"; };
		40F196E81E02CD4900CD0317 /* Nutrient+CoreDataClass.swift */ = {isa = PBXFileReference; fileEncoding = 4; lastKnownFileType = sourcecode.swift; path = "Nutrient+CoreDataClass.swift"; sourceTree = "<group>"; };
		40F196EA1E02CD5400CD0317 /* Nutrient+CoreDataProperties.swift */ = {isa = PBXFileReference; fileEncoding = 4; lastKnownFileType = sourcecode.swift; path = "Nutrient+CoreDataProperties.swift"; sourceTree = "<group>"; };
		40F196EC1E02CD6D00CD0317 /* Nutrient+ AlecrimCoreDataAttributes.swift */ = {isa = PBXFileReference; fileEncoding = 4; lastKnownFileType = sourcecode.swift; path = "Nutrient+ AlecrimCoreDataAttributes.swift"; sourceTree = "<group>"; };
		40F196EE1E02E5DF00CD0317 /* Entity+CoreDataClass.swift */ = {isa = PBXFileReference; fileEncoding = 4; lastKnownFileType = sourcecode.swift; path = "Entity+CoreDataClass.swift"; sourceTree = "<group>"; };
		40F196F01E02E5EA00CD0317 /* Entity+CoreDataProperties.swift */ = {isa = PBXFileReference; fileEncoding = 4; lastKnownFileType = sourcecode.swift; path = "Entity+CoreDataProperties.swift"; sourceTree = "<group>"; };
		40F196F21E02E5F400CD0317 /* Entity+AlecrimCoreDataAttributes.swift */ = {isa = PBXFileReference; fileEncoding = 4; lastKnownFileType = sourcecode.swift; path = "Entity+AlecrimCoreDataAttributes.swift"; sourceTree = "<group>"; };
		40F6932A1DCF6F4200A4D75B /* WelcomeViewController.swift */ = {isa = PBXFileReference; fileEncoding = 4; lastKnownFileType = sourcecode.swift; path = WelcomeViewController.swift; sourceTree = "<group>"; };
		40F6932E1DCF79FC00A4D75B /* moments.mp4 */ = {isa = PBXFileReference; lastKnownFileType = file; path = moments.mp4; sourceTree = "<group>"; };
		40FD9C731DD022BA00436D5D /* SignUpViewController.swift */ = {isa = PBXFileReference; fileEncoding = 4; lastKnownFileType = sourcecode.swift; path = SignUpViewController.swift; sourceTree = "<group>"; };
		40FD9C751DD022CE00436D5D /* SignUpPageViewController.swift */ = {isa = PBXFileReference; fileEncoding = 4; lastKnownFileType = sourcecode.swift; path = SignUpPageViewController.swift; sourceTree = "<group>"; };
		40FD9C771DD0387900436D5D /* SignUpFirstViewController.swift */ = {isa = PBXFileReference; fileEncoding = 4; lastKnownFileType = sourcecode.swift; path = SignUpFirstViewController.swift; sourceTree = "<group>"; };
		AA1D1685F7FD76F5B3A8F4CD /* Pods-DairyNutrition.release.xcconfig */ = {isa = PBXFileReference; includeInIndex = 1; lastKnownFileType = text.xcconfig; name = "Pods-DairyNutrition.release.xcconfig"; path = "Pods/Target Support Files/Pods-DairyNutrition/Pods-DairyNutrition.release.xcconfig"; sourceTree = "<group>"; };
		F26E003AC867CA7D6DCE3C9C /* Pods-DairyNutrition.debug.xcconfig */ = {isa = PBXFileReference; includeInIndex = 1; lastKnownFileType = text.xcconfig; name = "Pods-DairyNutrition.debug.xcconfig"; path = "Pods/Target Support Files/Pods-DairyNutrition/Pods-DairyNutrition.debug.xcconfig"; sourceTree = "<group>"; };
/* End PBXFileReference section */

/* Begin PBXFrameworksBuildPhase section */
		40CCDF321DBBBCFB00D00981 /* Frameworks */ = {
			isa = PBXFrameworksBuildPhase;
			buildActionMask = 2147483647;
			files = (
				20E2E4C26EDFCE4109645863 /* Pods_DairyNutrition.framework in Frameworks */,
			);
			runOnlyForDeploymentPostprocessing = 0;
		};
/* End PBXFrameworksBuildPhase section */

/* Begin PBXGroup section */
		16294817FA983022FE57BD41 /* Frameworks */ = {
			isa = PBXGroup;
			children = (
				19BAB43CBDE0133D41A98100 /* Pods_DairyNutrition.framework */,
			);
			name = Frameworks;
			sourceTree = "<group>";
		};
		380806689A8BBAD9C2658F72 /* Pods */ = {
			isa = PBXGroup;
			children = (
				F26E003AC867CA7D6DCE3C9C /* Pods-DairyNutrition.debug.xcconfig */,
				AA1D1685F7FD76F5B3A8F4CD /* Pods-DairyNutrition.release.xcconfig */,
			);
			name = Pods;
			sourceTree = "<group>";
		};
		40086D531DF69051003B4BA1 /* DashboardViewController */ = {
			isa = PBXGroup;
			children = (
				400726351DF7155000908A3D /* DashboardTableViewController.swift */,
				400726371DF7197100908A3D /* DashboardViewController.swift */,
			);
			path = DashboardViewController;
			sourceTree = "<group>";
		};
		405B81AE1DC23E2B00E761BC /* LoginViewController */ = {
			isa = PBXGroup;
			children = (
				405B81AF1DC23E5300E761BC /* LoginViewController.swift */,
			);
			path = LoginViewController;
			sourceTree = "<group>";
		};
		40613A4A1DBF3FB500CCB125 /* Extensions */ = {
			isa = PBXGroup;
			children = (
				4067BC351DC3A707007F9CF9 /* Utils */,
				405B819A1DC22D1100E761BC /* ArrayExtensions.swift */,
				405B819B1DC22D1100E761BC /* BlockButton.swift */,
				405B819C1DC22D1100E761BC /* BlockLongPress.swift */,
				405B819D1DC22D1100E761BC /* BlockPan.swift */,
				405B819E1DC22D1100E761BC /* BlockPinch.swift */,
				405B819F1DC22D1100E761BC /* BlockSwipe.swift */,
				405B81A01DC22D1100E761BC /* BlockTap.swift */,
				405B81981DC22BD800E761BC /* CGFloatExtensions.swift */,
				405B81951DC22BC700E761BC /* CGRectExtensions.swift */,
				405B817F1DC2288200E761BC /* DictionaryExtensions.swift */,
				405B81A11DC22D1100E761BC /* EZSwiftFunctions.swift */,
				405B81851DC2291300E761BC /* NSDictionaryExtensions.swift */,
				4008EE791DD2111A007B3F8B /* StringExtensions.swift */,
				405B81871DC2293400E761BC /* UIAlertControllerExtensions.swift */,
				405B81AA1DC22D6A00E761BC /* UIApplicationExtensions.swift */,
				405B81891DC2295000E761BC /* UIColorExtensions.swift */,
				405B818B1DC2297300E761BC /* UIImageExtensions.swift */,
				405B818D1DC2298500E761BC /* UIImageViewExtensions.swift */,
				405B818F1DC229A900E761BC /* UIStoryBoardExtensions.swift */,
				405B81911DC229C200E761BC /* UIViewControllerExtensions.swift */,
				405B81931DC22ABD00E761BC /* UIViewExtensions.swift */,
			);
			path = Extensions;
			sourceTree = "<group>";
		};
		4067BC351DC3A707007F9CF9 /* Utils */ = {
			isa = PBXGroup;
			children = (
				40984AD71DC4A15100BA7D6B /* UIView+IBInspectable.swift */,
				4077B1AD1DC6E5710074EB3B /* Designable+Button.swift */,
				405965C21DD0CB9D00EB5F19 /* RadioButton.swift */,
				40A1117B1DD1A88F0096E78D /* RadioButtonWithSubtext.swift */,
				401138F11DD6EE2000983310 /* Notification+Name.swift */,
				401138F31DD7148200983310 /* UserDefaults+Key.swift */,
			);
			path = Utils;
			sourceTree = "<group>";
		};
		40890E2C1DF7CF9300DCE931 /* FoodSearchViewController */ = {
			isa = PBXGroup;
			children = (
				40890E2F1DF7D07300DCE931 /* CustomSearchBar.swift */,
				40890E311DF7D0AD00DCE931 /* FoodSearchViewController.swift */,
			);
			path = FoodSearchViewController;
			sourceTree = "<group>";
		};
		4094E6901DFEE2EA0013DEBE /* AddFoodViewController */ = {
			isa = PBXGroup;
			children = (
				4094E6911DFEE3120013DEBE /* AddFoodViewController.swift */,
				40306D321E0107A100FC9970 /* FoodsTableSectionHeaderView.swift */,
			);
			path = AddFoodViewController;
			sourceTree = "<group>";
		};
		4097A6951DBF42920092E8C8 /* Constants */ = {
			isa = PBXGroup;
			children = (
				4067BC361DC3A86A007F9CF9 /* Constants.swift */,
			);
			path = Constants;
			sourceTree = "<group>";
		};
		40B745811DBBC081006BABE4 /* Model */ = {
			isa = PBXGroup;
			children = (
				4008EE7D1DD23BCD007B3F8B /* Shared.swift */,
				4008EE7B1DD235B6007B3F8B /* User.swift */,
				40F196D81E0262F500CD0317 /* Food.swift */,
				40F196DA1E02630200CD0317 /* Nutrient.swift */,
			);
			path = Model;
			sourceTree = "<group>";
		};
		40B745821DBBC0AA006BABE4 /* Network */ = {
			isa = PBXGroup;
			children = (
				4008EE7F1DD23D4E007B3F8B /* DairyAPI.swift */,
				401138EF1DD6D55800983310 /* Reachability.swift */,
				40AC566A1DD8A78600F30F0A /* UserService.swift */,
				40F196D61E025CF600CD0317 /* FoodService.swift */,
			);
			path = Network;
			sourceTree = "<group>";
		};
		40B745831DBBC0C6006BABE4 /* UI */ = {
			isa = PBXGroup;
			children = (
				40B745861DBBC12B006BABE4 /* View Controllers */,
				40B745851DBBC0E5006BABE4 /* StoryBoards */,
			);
			path = UI;
			sourceTree = "<group>";
		};
		40B745851DBBC0E5006BABE4 /* StoryBoards */ = {
			isa = PBXGroup;
			children = (
				40CCDF3C1DBBBCFB00D00981 /* Main.storyboard */,
				40E5499C1DFFEF4B00D3563A /* FoodsTableSectionHeader.xib */,
				40D159771E018CE9008220AC /* ExercisesTableSectionHeader.xib */,
			);
			path = StoryBoards;
			sourceTree = "<group>";
		};
		40B745861DBBC12B006BABE4 /* View Controllers */ = {
			isa = PBXGroup;
			children = (
				405B81AC1DC23DFF00E761BC /* MainViewController.swift */,
				40F6932A1DCF6F4200A4D75B /* WelcomeViewController.swift */,
				40890E281DF7B6DE00DCE931 /* MenuTableViewController.swift */,
				40086D531DF69051003B4BA1 /* DashboardViewController */,
				4094E6901DFEE2EA0013DEBE /* AddFoodViewController */,
				40E549991DFFE4D700D3563A /* AddExerciseViewController */,
				40890E2C1DF7CF9300DCE931 /* FoodSearchViewController */,
				40F196DE1E0274E800CD0317 /* FoodDetailsViewController */,
				405B81AE1DC23E2B00E761BC /* LoginViewController */,
				40FD9C721DD0227300436D5D /* SignUpViewController */,
			);
			path = "View Controllers";
			sourceTree = "<group>";
		};
		40CCDF2C1DBBBCFB00D00981 = {
			isa = PBXGroup;
			children = (
				40CCDF371DBBBCFB00D00981 /* DairyNutrition */,
				40CCDF361DBBBCFB00D00981 /* Products */,
				380806689A8BBAD9C2658F72 /* Pods */,
				16294817FA983022FE57BD41 /* Frameworks */,
			);
			sourceTree = "<group>";
		};
		40CCDF361DBBBCFB00D00981 /* Products */ = {
			isa = PBXGroup;
			children = (
				40CCDF351DBBBCFB00D00981 /* DairyNutrition.app */,
			);
			name = Products;
			sourceTree = "<group>";
		};
		40CCDF371DBBBCFB00D00981 /* DairyNutrition */ = {
			isa = PBXGroup;
			children = (
				40F6932E1DCF79FC00A4D75B /* moments.mp4 */,
				40CCDF381DBBBCFB00D00981 /* AppDelegate.swift */,
				4097A6951DBF42920092E8C8 /* Constants */,
				40B745811DBBC081006BABE4 /* Model */,
				40F196E11E02C25E00CD0317 /* Data Model */,
				40B745821DBBC0AA006BABE4 /* Network */,
				40B745831DBBC0C6006BABE4 /* UI */,
				40613A4A1DBF3FB500CCB125 /* Extensions */,
				40CCDF441DBBBCFB00D00981 /* LaunchScreen.storyboard */,
				40D55EFE1DBDA88400FA033C /* Assets.xcassets */,
				4058B9AC1DBBC46300024143 /* Images.xcassets */,
				40C44C821DF7D65800B37AC2 /* foods_min.json */,
				40CCDF471DBBBCFB00D00981 /* Info.plist */,
				40CCDF3F1DBBBCFB00D00981 /* DairyNutrition.xcdatamodeld */,
			);
			path = DairyNutrition;
			sourceTree = "<group>";
		};
		40E549991DFFE4D700D3563A /* AddExerciseViewController */ = {
			isa = PBXGroup;
			children = (
				40E5499A1DFFE51F00D3563A /* AddExerciseViewController.swift */,
				40D159791E018E9B008220AC /* ExercisesTableSectionHeaderView.swift */,
			);
			path = AddExerciseViewController;
			sourceTree = "<group>";
		};
		40F196DE1E0274E800CD0317 /* FoodDetailsViewController */ = {
			isa = PBXGroup;
			children = (
				40F196DF1E02752700CD0317 /* FoodDetailsViewController.swift */,
			);
			path = FoodDetailsViewController;
			sourceTree = "<group>";
		};
		40F196E11E02C25E00CD0317 /* Data Model */ = {
			isa = PBXGroup;
			children = (
				40F196EE1E02E5DF00CD0317 /* Entity+CoreDataClass.swift */,
				40F196F01E02E5EA00CD0317 /* Entity+CoreDataProperties.swift */,
				40F196F21E02E5F400CD0317 /* Entity+AlecrimCoreDataAttributes.swift */,
				40F196E21E02C98300CD0317 /* Food+CoreDataClass.swift */,
				40F196E41E02C99500CD0317 /* Food+CoreDataProperties.swift */,
				40F196E61E02C9A600CD0317 /* Food+ AlecrimCoreDataAttributes.swift */,
				40F196E81E02CD4900CD0317 /* Nutrient+CoreDataClass.swift */,
				40F196EA1E02CD5400CD0317 /* Nutrient+CoreDataProperties.swift */,
				40F196EC1E02CD6D00CD0317 /* Nutrient+ AlecrimCoreDataAttributes.swift */,
			);
			path = "Data Model";
			sourceTree = "<group>";
		};
		40FD9C721DD0227300436D5D /* SignUpViewController */ = {
			isa = PBXGroup;
			children = (
				40FD9C731DD022BA00436D5D /* SignUpViewController.swift */,
				40FD9C751DD022CE00436D5D /* SignUpPageViewController.swift */,
				40FD9C771DD0387900436D5D /* SignUpFirstViewController.swift */,
				405965B31DD0ACE100EB5F19 /* SignUpSecondViewController.swift */,
				405965B51DD0ACF100EB5F19 /* SignUpThirdViewController.swift */,
				405965B71DD0AD1500EB5F19 /* SignUpFourthViewController.swift */,
				405965B91DD0AD2600EB5F19 /* SignUpFifthViewController.swift */,
				405965BB1DD0AD3200EB5F19 /* SignUpSixthViewController.swift */,
				405965BE1DD0AD4B00EB5F19 /* SignUpSeventhViewController.swift */,
				4009F0241DD2CF2D00293A5A /* SignUpWithUserInfoViewController.swift */,
			);
			path = SignUpViewController;
			sourceTree = "<group>";
		};
/* End PBXGroup section */

/* Begin PBXNativeTarget section */
		40CCDF341DBBBCFB00D00981 /* DairyNutrition */ = {
			isa = PBXNativeTarget;
			buildConfigurationList = 40CCDF4A1DBBBCFB00D00981 /* Build configuration list for PBXNativeTarget "DairyNutrition" */;
			buildPhases = (
				923E5657FF8B44BD73EC129C /* [CP] Check Pods Manifest.lock */,
				40CCDF311DBBBCFB00D00981 /* Sources */,
				40CCDF321DBBBCFB00D00981 /* Frameworks */,
				40CCDF331DBBBCFB00D00981 /* Resources */,
				19E25421D71B2C56B619C7F2 /* [CP] Embed Pods Frameworks */,
				074B9629E86683FECBEC96FE /* [CP] Copy Pods Resources */,
			);
			buildRules = (
			);
			dependencies = (
			);
			name = DairyNutrition;
			productName = DairyNutrition;
			productReference = 40CCDF351DBBBCFB00D00981 /* DairyNutrition.app */;
			productType = "com.apple.product-type.application";
		};
/* End PBXNativeTarget section */

/* Begin PBXProject section */
		40CCDF2D1DBBBCFB00D00981 /* Project object */ = {
			isa = PBXProject;
			attributes = {
				LastSwiftUpdateCheck = 0800;
				LastUpgradeCheck = 0820;
				ORGANIZATIONNAME = Osiris;
				TargetAttributes = {
					40CCDF341DBBBCFB00D00981 = {
						CreatedOnToolsVersion = 8.0;
						DevelopmentTeam = FEB8F3NBZG;
						ProvisioningStyle = Automatic;
					};
				};
			};
			buildConfigurationList = 40CCDF301DBBBCFB00D00981 /* Build configuration list for PBXProject "DairyNutrition" */;
			compatibilityVersion = "Xcode 3.2";
			developmentRegion = English;
			hasScannedForEncodings = 0;
			knownRegions = (
				en,
				Base,
			);
			mainGroup = 40CCDF2C1DBBBCFB00D00981;
			productRefGroup = 40CCDF361DBBBCFB00D00981 /* Products */;
			projectDirPath = "";
			projectRoot = "";
			targets = (
				40CCDF341DBBBCFB00D00981 /* DairyNutrition */,
			);
		};
/* End PBXProject section */

/* Begin PBXResourcesBuildPhase section */
		40CCDF331DBBBCFB00D00981 /* Resources */ = {
			isa = PBXResourcesBuildPhase;
			buildActionMask = 2147483647;
			files = (
				40C44C831DF7D65800B37AC2 /* foods_min.json in Resources */,
				40D159781E018CE9008220AC /* ExercisesTableSectionHeader.xib in Resources */,
				40CCDF461DBBBCFB00D00981 /* LaunchScreen.storyboard in Resources */,
				4058B9AD1DBBC46300024143 /* Images.xcassets in Resources */,
				40D55EFF1DBDA88400FA033C /* Assets.xcassets in Resources */,
				40F6932F1DCF79FC00A4D75B /* moments.mp4 in Resources */,
				40CCDF3E1DBBBCFB00D00981 /* Main.storyboard in Resources */,
				40E5499D1DFFEF4B00D3563A /* FoodsTableSectionHeader.xib in Resources */,
			);
			runOnlyForDeploymentPostprocessing = 0;
		};
/* End PBXResourcesBuildPhase section */

/* Begin PBXShellScriptBuildPhase section */
		074B9629E86683FECBEC96FE /* [CP] Copy Pods Resources */ = {
			isa = PBXShellScriptBuildPhase;
			buildActionMask = 2147483647;
			files = (
			);
			inputPaths = (
			);
			name = "[CP] Copy Pods Resources";
			outputPaths = (
			);
			runOnlyForDeploymentPostprocessing = 0;
			shellPath = /bin/sh;
			shellScript = "\"${SRCROOT}/Pods/Target Support Files/Pods-DairyNutrition/Pods-DairyNutrition-resources.sh\"\n";
			showEnvVarsInLog = 0;
		};
		19E25421D71B2C56B619C7F2 /* [CP] Embed Pods Frameworks */ = {
			isa = PBXShellScriptBuildPhase;
			buildActionMask = 2147483647;
			files = (
			);
			inputPaths = (
			);
			name = "[CP] Embed Pods Frameworks";
			outputPaths = (
			);
			runOnlyForDeploymentPostprocessing = 0;
			shellPath = /bin/sh;
			shellScript = "\"${SRCROOT}/Pods/Target Support Files/Pods-DairyNutrition/Pods-DairyNutrition-frameworks.sh\"\n";
			showEnvVarsInLog = 0;
		};
		923E5657FF8B44BD73EC129C /* [CP] Check Pods Manifest.lock */ = {
			isa = PBXShellScriptBuildPhase;
			buildActionMask = 2147483647;
			files = (
			);
			inputPaths = (
			);
			name = "[CP] Check Pods Manifest.lock";
			outputPaths = (
			);
			runOnlyForDeploymentPostprocessing = 0;
			shellPath = /bin/sh;
			shellScript = "diff \"${PODS_ROOT}/../Podfile.lock\" \"${PODS_ROOT}/Manifest.lock\" > /dev/null\nif [ $? != 0 ] ; then\n    # print error to STDERR\n    echo \"error: The sandbox is not in sync with the Podfile.lock. Run 'pod install' or update your CocoaPods installation.\" >&2\n    exit 1\nfi\n";
			showEnvVarsInLog = 0;
		};
/* End PBXShellScriptBuildPhase section */

/* Begin PBXSourcesBuildPhase section */
		40CCDF311DBBBCFB00D00981 /* Sources */ = {
			isa = PBXSourcesBuildPhase;
			buildActionMask = 2147483647;
			files = (
				405B81B01DC23E5300E761BC /* LoginViewController.swift in Sources */,
				405965C31DD0CB9D00EB5F19 /* RadioButton.swift in Sources */,
				40984AD81DC4A15100BA7D6B /* UIView+IBInspectable.swift in Sources */,
				405B818A1DC2295000E761BC /* UIColorExtensions.swift in Sources */,
				401138F41DD7148200983310 /* UserDefaults+Key.swift in Sources */,
				405B81AD1DC23DFF00E761BC /* MainViewController.swift in Sources */,
				405965B81DD0AD1500EB5F19 /* SignUpFourthViewController.swift in Sources */,
				405B81A41DC22D1100E761BC /* BlockLongPress.swift in Sources */,
				4008EE7A1DD2111A007B3F8B /* StringExtensions.swift in Sources */,
				40E5499B1DFFE51F00D3563A /* AddExerciseViewController.swift in Sources */,
				40F196F31E02E5F400CD0317 /* Entity+AlecrimCoreDataAttributes.swift in Sources */,
				405B81991DC22BD800E761BC /* CGFloatExtensions.swift in Sources */,
				405965B41DD0ACE100EB5F19 /* SignUpSecondViewController.swift in Sources */,
				40F196D71E025CF600CD0317 /* FoodService.swift in Sources */,
				40890E291DF7B6DE00DCE931 /* MenuTableViewController.swift in Sources */,
				405B81901DC229A900E761BC /* UIStoryBoardExtensions.swift in Sources */,
				405B81921DC229C200E761BC /* UIViewControllerExtensions.swift in Sources */,
				4009F0251DD2CF2D00293A5A /* SignUpWithUserInfoViewController.swift in Sources */,
				40F6932B1DCF6F4200A4D75B /* WelcomeViewController.swift in Sources */,
				405965BF1DD0AD4B00EB5F19 /* SignUpSeventhViewController.swift in Sources */,
				405B81A91DC22D1100E761BC /* EZSwiftFunctions.swift in Sources */,
				400726381DF7197100908A3D /* DashboardViewController.swift in Sources */,
				4094E6921DFEE3120013DEBE /* AddFoodViewController.swift in Sources */,
				40F196EF1E02E5DF00CD0317 /* Entity+CoreDataClass.swift in Sources */,
				40AC566B1DD8A78600F30F0A /* UserService.swift in Sources */,
				405965B61DD0ACF100EB5F19 /* SignUpThirdViewController.swift in Sources */,
				405B81A31DC22D1100E761BC /* BlockButton.swift in Sources */,
				40FD9C761DD022CE00436D5D /* SignUpPageViewController.swift in Sources */,
				40F196DB1E02630200CD0317 /* Nutrient.swift in Sources */,
				405965BC1DD0AD3200EB5F19 /* SignUpSixthViewController.swift in Sources */,
				40A1117C1DD1A88F0096E78D /* RadioButtonWithSubtext.swift in Sources */,
				4008EE7C1DD235B6007B3F8B /* User.swift in Sources */,
				40FD9C781DD0387900436D5D /* SignUpFirstViewController.swift in Sources */,
				401138F01DD6D55800983310 /* Reachability.swift in Sources */,
				4067BC371DC3A86A007F9CF9 /* Constants.swift in Sources */,
				40F196D91E0262F500CD0317 /* Food.swift in Sources */,
				4008EE801DD23D4E007B3F8B /* DairyAPI.swift in Sources */,
				405B81881DC2293400E761BC /* UIAlertControllerExtensions.swift in Sources */,
				400726361DF7155000908A3D /* DashboardTableViewController.swift in Sources */,
				40CCDF411DBBBCFB00D00981 /* DairyNutrition.xcdatamodeld in Sources */,
				405B81961DC22BC700E761BC /* CGRectExtensions.swift in Sources */,
				405965BA1DD0AD2600EB5F19 /* SignUpFifthViewController.swift in Sources */,
				40FD9C741DD022BA00436D5D /* SignUpViewController.swift in Sources */,
				405B81861DC2291300E761BC /* NSDictionaryExtensions.swift in Sources */,
				4008EE7E1DD23BCD007B3F8B /* Shared.swift in Sources */,
				40D1597A1E018E9B008220AC /* ExercisesTableSectionHeaderView.swift in Sources */,
				40F196E51E02C99500CD0317 /* Food+CoreDataProperties.swift in Sources */,
				40306D331E0107A100FC9970 /* FoodsTableSectionHeaderView.swift in Sources */,
				405B81941DC22ABD00E761BC /* UIViewExtensions.swift in Sources */,
				405B81A61DC22D1100E761BC /* BlockPinch.swift in Sources */,
				405B81A21DC22D1100E761BC /* ArrayExtensions.swift in Sources */,
				40F196E01E02752700CD0317 /* FoodDetailsViewController.swift in Sources */,
				40F196F11E02E5EA00CD0317 /* Entity+CoreDataProperties.swift in Sources */,
				405B81AB1DC22D6A00E761BC /* UIApplicationExtensions.swift in Sources */,
				40F196E91E02CD4900CD0317 /* Nutrient+CoreDataClass.swift in Sources */,
				40F196EB1E02CD5400CD0317 /* Nutrient+CoreDataProperties.swift in Sources */,
				401138F21DD6EE2000983310 /* Notification+Name.swift in Sources */,
				40F196E31E02C98300CD0317 /* Food+CoreDataClass.swift in Sources */,
				405B81A81DC22D1100E761BC /* BlockTap.swift in Sources */,
				405B81A51DC22D1100E761BC /* BlockPan.swift in Sources */,
				4077B1AE1DC6E5710074EB3B /* Designable+Button.swift in Sources */,
				405B818C1DC2297300E761BC /* UIImageExtensions.swift in Sources */,
				40CCDF391DBBBCFB00D00981 /* AppDelegate.swift in Sources */,
				40F196E71E02C9A600CD0317 /* Food+ AlecrimCoreDataAttributes.swift in Sources */,
				40890E301DF7D07300DCE931 /* CustomSearchBar.swift in Sources */,
				40890E321DF7D0AD00DCE931 /* FoodSearchViewController.swift in Sources */,
				405B818E1DC2298500E761BC /* UIImageViewExtensions.swift in Sources */,
				405B81A71DC22D1100E761BC /* BlockSwipe.swift in Sources */,
				405B81801DC2288200E761BC /* DictionaryExtensions.swift in Sources */,
				40F196ED1E02CD6D00CD0317 /* Nutrient+ AlecrimCoreDataAttributes.swift in Sources */,
			);
			runOnlyForDeploymentPostprocessing = 0;
		};
/* End PBXSourcesBuildPhase section */

/* Begin PBXVariantGroup section */
		40CCDF3C1DBBBCFB00D00981 /* Main.storyboard */ = {
			isa = PBXVariantGroup;
			children = (
				40CCDF3D1DBBBCFB00D00981 /* Base */,
			);
			name = Main.storyboard;
			path = ../..;
			sourceTree = "<group>";
		};
		40CCDF441DBBBCFB00D00981 /* LaunchScreen.storyboard */ = {
			isa = PBXVariantGroup;
			children = (
				40CCDF451DBBBCFB00D00981 /* Base */,
			);
			name = LaunchScreen.storyboard;
			sourceTree = "<group>";
		};
/* End PBXVariantGroup section */

/* Begin XCBuildConfiguration section */
		40CCDF481DBBBCFB00D00981 /* Debug */ = {
			isa = XCBuildConfiguration;
			buildSettings = {
				ALWAYS_SEARCH_USER_PATHS = NO;
				CLANG_ANALYZER_NONNULL = YES;
				CLANG_CXX_LANGUAGE_STANDARD = "gnu++0x";
				CLANG_CXX_LIBRARY = "libc++";
				CLANG_ENABLE_MODULES = YES;
				CLANG_ENABLE_OBJC_ARC = YES;
				CLANG_WARN_BOOL_CONVERSION = YES;
				CLANG_WARN_CONSTANT_CONVERSION = YES;
				CLANG_WARN_DIRECT_OBJC_ISA_USAGE = YES_ERROR;
				CLANG_WARN_DOCUMENTATION_COMMENTS = YES;
				CLANG_WARN_EMPTY_BODY = YES;
				CLANG_WARN_ENUM_CONVERSION = YES;
				CLANG_WARN_INFINITE_RECURSION = YES;
				CLANG_WARN_INT_CONVERSION = YES;
				CLANG_WARN_OBJC_ROOT_CLASS = YES_ERROR;
				CLANG_WARN_SUSPICIOUS_MOVE = YES;
				CLANG_WARN_SUSPICIOUS_MOVES = YES;
				CLANG_WARN_UNREACHABLE_CODE = YES;
				CLANG_WARN__DUPLICATE_METHOD_MATCH = YES;
				"CODE_SIGN_IDENTITY[sdk=iphoneos*]" = "iPhone Developer";
				COPY_PHASE_STRIP = NO;
				DEBUG_INFORMATION_FORMAT = dwarf;
				ENABLE_STRICT_OBJC_MSGSEND = YES;
				ENABLE_TESTABILITY = YES;
				GCC_C_LANGUAGE_STANDARD = gnu99;
				GCC_DYNAMIC_NO_PIC = NO;
				GCC_NO_COMMON_BLOCKS = YES;
				GCC_OPTIMIZATION_LEVEL = 0;
				GCC_PREPROCESSOR_DEFINITIONS = (
					"DEBUG=1",
					"$(inherited)",
				);
				GCC_WARN_64_TO_32_BIT_CONVERSION = YES;
				GCC_WARN_ABOUT_RETURN_TYPE = YES_ERROR;
				GCC_WARN_UNDECLARED_SELECTOR = YES;
				GCC_WARN_UNINITIALIZED_AUTOS = YES_AGGRESSIVE;
				GCC_WARN_UNUSED_FUNCTION = YES;
				GCC_WARN_UNUSED_VARIABLE = YES;
				IPHONEOS_DEPLOYMENT_TARGET = 10.0;
				MTL_ENABLE_DEBUG_INFO = YES;
				ONLY_ACTIVE_ARCH = YES;
				SDKROOT = iphoneos;
				SWIFT_ACTIVE_COMPILATION_CONDITIONS = DEBUG;
				SWIFT_OPTIMIZATION_LEVEL = "-Onone";
				TARGETED_DEVICE_FAMILY = "1,2";
			};
			name = Debug;
		};
		40CCDF491DBBBCFB00D00981 /* Release */ = {
			isa = XCBuildConfiguration;
			buildSettings = {
				ALWAYS_SEARCH_USER_PATHS = NO;
				CLANG_ANALYZER_NONNULL = YES;
				CLANG_CXX_LANGUAGE_STANDARD = "gnu++0x";
				CLANG_CXX_LIBRARY = "libc++";
				CLANG_ENABLE_MODULES = YES;
				CLANG_ENABLE_OBJC_ARC = YES;
				CLANG_WARN_BOOL_CONVERSION = YES;
				CLANG_WARN_CONSTANT_CONVERSION = YES;
				CLANG_WARN_DIRECT_OBJC_ISA_USAGE = YES_ERROR;
				CLANG_WARN_DOCUMENTATION_COMMENTS = YES;
				CLANG_WARN_EMPTY_BODY = YES;
				CLANG_WARN_ENUM_CONVERSION = YES;
				CLANG_WARN_INFINITE_RECURSION = YES;
				CLANG_WARN_INT_CONVERSION = YES;
				CLANG_WARN_OBJC_ROOT_CLASS = YES_ERROR;
				CLANG_WARN_SUSPICIOUS_MOVE = YES;
				CLANG_WARN_SUSPICIOUS_MOVES = YES;
				CLANG_WARN_UNREACHABLE_CODE = YES;
				CLANG_WARN__DUPLICATE_METHOD_MATCH = YES;
				"CODE_SIGN_IDENTITY[sdk=iphoneos*]" = "iPhone Developer";
				COPY_PHASE_STRIP = NO;
				DEBUG_INFORMATION_FORMAT = "dwarf-with-dsym";
				ENABLE_NS_ASSERTIONS = NO;
				ENABLE_STRICT_OBJC_MSGSEND = YES;
				GCC_C_LANGUAGE_STANDARD = gnu99;
				GCC_NO_COMMON_BLOCKS = YES;
				GCC_WARN_64_TO_32_BIT_CONVERSION = YES;
				GCC_WARN_ABOUT_RETURN_TYPE = YES_ERROR;
				GCC_WARN_UNDECLARED_SELECTOR = YES;
				GCC_WARN_UNINITIALIZED_AUTOS = YES_AGGRESSIVE;
				GCC_WARN_UNUSED_FUNCTION = YES;
				GCC_WARN_UNUSED_VARIABLE = YES;
				IPHONEOS_DEPLOYMENT_TARGET = 10.0;
				MTL_ENABLE_DEBUG_INFO = NO;
				SDKROOT = iphoneos;
				SWIFT_OPTIMIZATION_LEVEL = "-Owholemodule";
				TARGETED_DEVICE_FAMILY = "1,2";
				VALIDATE_PRODUCT = YES;
			};
			name = Release;
		};
		40CCDF4B1DBBBCFB00D00981 /* Debug */ = {
			isa = XCBuildConfiguration;
			baseConfigurationReference = F26E003AC867CA7D6DCE3C9C /* Pods-DairyNutrition.debug.xcconfig */;
			buildSettings = {
				ALWAYS_EMBED_SWIFT_STANDARD_LIBRARIES = YES;
				ASSETCATALOG_COMPILER_APPICON_NAME = AppIcon;
				ASSETCATALOG_COMPILER_LAUNCHIMAGE_NAME = LaunchImage;
				CODE_SIGN_IDENTITY = "iPhone Developer";
				"CODE_SIGN_IDENTITY[sdk=iphoneos*]" = "iPhone Developer";
				DEVELOPMENT_TEAM = FEB8F3NBZG;
				HEADER_SEARCH_PATHS = "$(inherited)";
				INFOPLIST_FILE = DairyNutrition/Info.plist;
				IPHONEOS_DEPLOYMENT_TARGET = 10.0;
				LD_RUNPATH_SEARCH_PATHS = "$(inherited) @executable_path/Frameworks";
				PRODUCT_BUNDLE_IDENTIFIER = com.osiris.DairyNutrition;
				PRODUCT_NAME = "$(TARGET_NAME)";
				SWIFT_VERSION = 3.0;
				TARGETED_DEVICE_FAMILY = 1;
			};
			name = Debug;
		};
		40CCDF4C1DBBBCFB00D00981 /* Release */ = {
			isa = XCBuildConfiguration;
			baseConfigurationReference = AA1D1685F7FD76F5B3A8F4CD /* Pods-DairyNutrition.release.xcconfig */;
			buildSettings = {
				ALWAYS_EMBED_SWIFT_STANDARD_LIBRARIES = YES;
				ASSETCATALOG_COMPILER_APPICON_NAME = AppIcon;
				ASSETCATALOG_COMPILER_LAUNCHIMAGE_NAME = LaunchImage;
				CODE_SIGN_IDENTITY = "iPhone Developer";
				"CODE_SIGN_IDENTITY[sdk=iphoneos*]" = "iPhone Developer";
				DEVELOPMENT_TEAM = FEB8F3NBZG;
				HEADER_SEARCH_PATHS = "$(inherited)";
				INFOPLIST_FILE = DairyNutrition/Info.plist;
				IPHONEOS_DEPLOYMENT_TARGET = 10.0;
				LD_RUNPATH_SEARCH_PATHS = "$(inherited) @executable_path/Frameworks";
				PRODUCT_BUNDLE_IDENTIFIER = com.osiris.DairyNutrition;
				PRODUCT_NAME = "$(TARGET_NAME)";
				SWIFT_VERSION = 3.0;
				TARGETED_DEVICE_FAMILY = 1;
			};
			name = Release;
		};
/* End XCBuildConfiguration section */

/* Begin XCConfigurationList section */
		40CCDF301DBBBCFB00D00981 /* Build configuration list for PBXProject "DairyNutrition" */ = {
			isa = XCConfigurationList;
			buildConfigurations = (
				40CCDF481DBBBCFB00D00981 /* Debug */,
				40CCDF491DBBBCFB00D00981 /* Release */,
			);
			defaultConfigurationIsVisible = 0;
			defaultConfigurationName = Release;
		};
		40CCDF4A1DBBBCFB00D00981 /* Build configuration list for PBXNativeTarget "DairyNutrition" */ = {
			isa = XCConfigurationList;
			buildConfigurations = (
				40CCDF4B1DBBBCFB00D00981 /* Debug */,
				40CCDF4C1DBBBCFB00D00981 /* Release */,
			);
			defaultConfigurationIsVisible = 0;
			defaultConfigurationName = Release;
		};
/* End XCConfigurationList section */

/* Begin XCVersionGroup section */
		40CCDF3F1DBBBCFB00D00981 /* DairyNutrition.xcdatamodeld */ = {
			isa = XCVersionGroup;
			children = (
				40CCDF401DBBBCFB00D00981 /* DairyNutrition.xcdatamodel */,
			);
			currentVersion = 40CCDF401DBBBCFB00D00981 /* DairyNutrition.xcdatamodel */;
			path = DairyNutrition.xcdatamodeld;
			sourceTree = "<group>";
			versionGroupType = wrapper.xcdatamodel;
		};
/* End XCVersionGroup section */
	};
	rootObject = 40CCDF2D1DBBBCFB00D00981 /* Project object */;
}
