// !$*UTF8*$!
{
	archiveVersion = 1;
	classes = {
	};
	objectVersion = 46;
	objects = {

/* Begin PBXBuildFile section */
		40CCDF391DBBBCFB00D00981 /* AppDelegate.swift in Sources */ = {isa = PBXBuildFile; fileRef = 40CCDF381DBBBCFB00D00981 /* AppDelegate.swift */; };
		40CCDF3B1DBBBCFB00D00981 /* ViewController.swift in Sources */ = {isa = PBXBuildFile; fileRef = 40CCDF3A1DBBBCFB00D00981 /* ViewController.swift */; };
		40CCDF3E1DBBBCFB00D00981 /* Main.storyboard in Resources */ = {isa = PBXBuildFile; fileRef = 40CCDF3C1DBBBCFB00D00981 /* Main.storyboard */; };
		40CCDF411DBBBCFB00D00981 /* DairyNutrition.xcdatamodeld in Sources */ = {isa = PBXBuildFile; fileRef = 40CCDF3F1DBBBCFB00D00981 /* DairyNutrition.xcdatamodeld */; };
		40CCDF431DBBBCFB00D00981 /* Assets.xcassets in Resources */ = {isa = PBXBuildFile; fileRef = 40CCDF421DBBBCFB00D00981 /* Assets.xcassets */; };
		40CCDF461DBBBCFB00D00981 /* LaunchScreen.storyboard in Resources */ = {isa = PBXBuildFile; fileRef = 40CCDF441DBBBCFB00D00981 /* LaunchScreen.storyboard */; };
/* End PBXBuildFile section */

/* Begin PBXFileReference section */
		40CCDF351DBBBCFB00D00981 /* DairyNutrition.app */ = {isa = PBXFileReference; explicitFileType = wrapper.application; includeInIndex = 0; path = DairyNutrition.app; sourceTree = BUILT_PRODUCTS_DIR; };
		40CCDF381DBBBCFB00D00981 /* AppDelegate.swift */ = {isa = PBXFileReference; lastKnownFileType = sourcecode.swift; path = AppDelegate.swift; sourceTree = "<group>"; };
		40CCDF3A1DBBBCFB00D00981 /* ViewController.swift */ = {isa = PBXFileReference; lastKnownFileType = sourcecode.swift; path = ViewController.swift; sourceTree = "<group>"; };
		40CCDF3D1DBBBCFB00D00981 /* Base */ = {isa = PBXFileReference; lastKnownFileType = file.storyboard; name = Base; path = Base.lproj/Main.storyboard; sourceTree = "<group>"; };
		40CCDF401DBBBCFB00D00981 /* DairyNutrition.xcdatamodel */ = {isa = PBXFileReference; lastKnownFileType = wrapper.xcdatamodel; path = DairyNutrition.xcdatamodel; sourceTree = "<group>"; };
		40CCDF421DBBBCFB00D00981 /* Assets.xcassets */ = {isa = PBXFileReference; lastKnownFileType = folder.assetcatalog; path = Assets.xcassets; sourceTree = "<group>"; };
		40CCDF451DBBBCFB00D00981 /* Base */ = {isa = PBXFileReference; lastKnownFileType = file.storyboard; name = Base; path = Base.lproj/LaunchScreen.storyboard; sourceTree = "<group>"; };
		40CCDF471DBBBCFB00D00981 /* Info.plist */ = {isa = PBXFileReference; lastKnownFileType = text.plist.xml; path = Info.plist; sourceTree = "<group>"; };
/* End PBXFileReference section */

/* Begin PBXFrameworksBuildPhase section */
		40CCDF321DBBBCFB00D00981 /* Frameworks */ = {
			isa = PBXFrameworksBuildPhase;
			buildActionMask = 2147483647;
			files = (
			);
			runOnlyForDeploymentPostprocessing = 0;
		};
/* End PBXFrameworksBuildPhase section */

/* Begin PBXGroup section */
		40CCDF2C1DBBBCFB00D00981 = {
			isa = PBXGroup;
			children = (
				40CCDF371DBBBCFB00D00981 /* DairyNutrition */,
				40CCDF361DBBBCFB00D00981 /* Products */,
			);
			sourceTree = "<group>";
		};
		40CCDF361DBBBCFB00D00981 /* Products */ = {
			isa = PBXGroup;
			children = (
				40CCDF351DBBBCFB00D00981 /* DairyNutrition.app */,
			);
			name = Products;
			sourceTree = "<group>";
		};
		40CCDF371DBBBCFB00D00981 /* DairyNutrition */ = {
			isa = PBXGroup;
			children = (
				40CCDF381DBBBCFB00D00981 /* AppDelegate.swift */,
				40CCDF3A1DBBBCFB00D00981 /* ViewController.swift */,
				40CCDF3C1DBBBCFB00D00981 /* Main.storyboard */,
				40CCDF421DBBBCFB00D00981 /* Assets.xcassets */,
				40CCDF441DBBBCFB00D00981 /* LaunchScreen.storyboard */,
				40CCDF471DBBBCFB00D00981 /* Info.plist */,
				40CCDF3F1DBBBCFB00D00981 /* DairyNutrition.xcdatamodeld */,
			);
			path = DairyNutrition;
			sourceTree = "<group>";
		};
/* End PBXGroup section */

/* Begin PBXNativeTarget section */
		40CCDF341DBBBCFB00D00981 /* DairyNutrition */ = {
			isa = PBXNativeTarget;
			buildConfigurationList = 40CCDF4A1DBBBCFB00D00981 /* Build configuration list for PBXNativeTarget "DairyNutrition" */;
			buildPhases = (
				40CCDF311DBBBCFB00D00981 /* Sources */,
				40CCDF321DBBBCFB00D00981 /* Frameworks */,
				40CCDF331DBBBCFB00D00981 /* Resources */,
			);
			buildRules = (
			);
			dependencies = (
			);
			name = DairyNutrition;
			productName = DairyNutrition;
			productReference = 40CCDF351DBBBCFB00D00981 /* DairyNutrition.app */;
			productType = "com.apple.product-type.application";
		};
/* End PBXNativeTarget section */

/* Begin PBXProject section */
		40CCDF2D1DBBBCFB00D00981 /* Project object */ = {
			isa = PBXProject;
			attributes = {
				LastSwiftUpdateCheck = 0800;
				LastUpgradeCheck = 0800;
				ORGANIZATIONNAME = Osiris;
				TargetAttributes = {
					40CCDF341DBBBCFB00D00981 = {
						CreatedOnToolsVersion = 8.0;
						DevelopmentTeam = FEB8F3NBZG;
						ProvisioningStyle = Automatic;
					};
				};
			};
			buildConfigurationList = 40CCDF301DBBBCFB00D00981 /* Build configuration list for PBXProject "DairyNutrition" */;
			compatibilityVersion = "Xcode 3.2";
			developmentRegion = English;
			hasScannedForEncodings = 0;
			knownRegions = (
				en,
				Base,
			);
			mainGroup = 40CCDF2C1DBBBCFB00D00981;
			productRefGroup = 40CCDF361DBBBCFB00D00981 /* Products */;
			projectDirPath = "";
			projectRoot = "";
			targets = (
				40CCDF341DBBBCFB00D00981 /* DairyNutrition */,
			);
		};
/* End PBXProject section */

/* Begin PBXResourcesBuildPhase section */
		40CCDF331DBBBCFB00D00981 /* Resources */ = {
			isa = PBXResourcesBuildPhase;
			buildActionMask = 2147483647;
			files = (
				40CCDF461DBBBCFB00D00981 /* LaunchScreen.storyboard in Resources */,
				40CCDF431DBBBCFB00D00981 /* Assets.xcassets in Resources */,
				40CCDF3E1DBBBCFB00D00981 /* Main.storyboard in Resources */,
			);
			runOnlyForDeploymentPostprocessing = 0;
		};
/* End PBXResourcesBuildPhase section */

/* Begin PBXSourcesBuildPhase section */
		40CCDF311DBBBCFB00D00981 /* Sources */ = {
			isa = PBXSourcesBuildPhase;
			buildActionMask = 2147483647;
			files = (
				40CCDF3B1DBBBCFB00D00981 /* ViewController.swift in Sources */,
				40CCDF411DBBBCFB00D00981 /* DairyNutrition.xcdatamodeld in Sources */,
				40CCDF391DBBBCFB00D00981 /* AppDelegate.swift in Sources */,
			);
			runOnlyForDeploymentPostprocessing = 0;
		};
/* End PBXSourcesBuildPhase section */

/* Begin PBXVariantGroup section */
		40CCDF3C1DBBBCFB00D00981 /* Main.storyboard */ = {
			isa = PBXVariantGroup;
			children = (
				40CCDF3D1DBBBCFB00D00981 /* Base */,
			);
			name = Main.storyboard;
			sourceTree = "<group>";
		};
		40CCDF441DBBBCFB00D00981 /* LaunchScreen.storyboard */ = {
			isa = PBXVariantGroup;
			children = (
				40CCDF451DBBBCFB00D00981 /* Base */,
			);
			name = LaunchScreen.storyboard;
			sourceTree = "<group>";
		};
/* End PBXVariantGroup section */

/* Begin XCBuildConfiguration section */
		40CCDF481DBBBCFB00D00981 /* Debug */ = {
			isa = XCBuildConfiguration;
			buildSettings = {
				ALWAYS_SEARCH_USER_PATHS = NO;
				CLANG_ANALYZER_NONNULL = YES;
				CLANG_CXX_LANGUAGE_STANDARD = "gnu++0x";
				CLANG_CXX_LIBRARY = "libc++";
				CLANG_ENABLE_MODULES = YES;
				CLANG_ENABLE_OBJC_ARC = YES;
				CLANG_WARN_BOOL_CONVERSION = YES;
				CLANG_WARN_CONSTANT_CONVERSION = YES;
				CLANG_WARN_DIRECT_OBJC_ISA_USAGE = YES_ERROR;
				CLANG_WARN_DOCUMENTATION_COMMENTS = YES;
				CLANG_WARN_EMPTY_BODY = YES;
				CLANG_WARN_ENUM_CONVERSION = YES;
				CLANG_WARN_INFINITE_RECURSION = YES;
				CLANG_WARN_INT_CONVERSION = YES;
				CLANG_WARN_OBJC_ROOT_CLASS = YES_ERROR;
				CLANG_WARN_SUSPICIOUS_MOVES = YES;
				CLANG_WARN_UNREACHABLE_CODE = YES;
				CLANG_WARN__DUPLICATE_METHOD_MATCH = YES;
				"CODE_SIGN_IDENTITY[sdk=iphoneos*]" = "iPhone Developer";
				COPY_PHASE_STRIP = NO;
				DEBUG_INFORMATION_FORMAT = dwarf;
				ENABLE_STRICT_OBJC_MSGSEND = YES;
				ENABLE_TESTABILITY = YES;
				GCC_C_LANGUAGE_STANDARD = gnu99;
				GCC_DYNAMIC_NO_PIC = NO;
				GCC_NO_COMMON_BLOCKS = YES;
				GCC_OPTIMIZATION_LEVEL = 0;
				GCC_PREPROCESSOR_DEFINITIONS = (
					"DEBUG=1",
					"$(inherited)",
				);
				GCC_WARN_64_TO_32_BIT_CONVERSION = YES;
				GCC_WARN_ABOUT_RETURN_TYPE = YES_ERROR;
				GCC_WARN_UNDECLARED_SELECTOR = YES;
				GCC_WARN_UNINITIALIZED_AUTOS = YES_AGGRESSIVE;
				GCC_WARN_UNUSED_FUNCTION = YES;
				GCC_WARN_UNUSED_VARIABLE = YES;
				IPHONEOS_DEPLOYMENT_TARGET = 10.0;
				MTL_ENABLE_DEBUG_INFO = YES;
				ONLY_ACTIVE_ARCH = YES;
				SDKROOT = iphoneos;
				SWIFT_ACTIVE_COMPILATION_CONDITIONS = DEBUG;
				SWIFT_OPTIMIZATION_LEVEL = "-Onone";
				TARGETED_DEVICE_FAMILY = "1,2";
			};
			name = Debug;
		};
		40CCDF491DBBBCFB00D00981 /* Release */ = {
			isa = XCBuildConfiguration;
			buildSettings = {
				ALWAYS_SEARCH_USER_PATHS = NO;
				CLANG_ANALYZER_NONNULL = YES;
				CLANG_CXX_LANGUAGE_STANDARD = "gnu++0x";
				CLANG_CXX_LIBRARY = "libc++";
				CLANG_ENABLE_MODULES = YES;
				CLANG_ENABLE_OBJC_ARC = YES;
				CLANG_WARN_BOOL_CONVERSION = YES;
				CLANG_WARN_CONSTANT_CONVERSION = YES;
				CLANG_WARN_DIRECT_OBJC_ISA_USAGE = YES_ERROR;
				CLANG_WARN_DOCUMENTATION_COMMENTS = YES;
				CLANG_WARN_EMPTY_BODY = YES;
				CLANG_WARN_ENUM_CONVERSION = YES;
				CLANG_WARN_INFINITE_RECURSION = YES;
				CLANG_WARN_INT_CONVERSION = YES;
				CLANG_WARN_OBJC_ROOT_CLASS = YES_ERROR;
				CLANG_WARN_SUSPICIOUS_MOVES = YES;
				CLANG_WARN_UNREACHABLE_CODE = YES;
				CLANG_WARN__DUPLICATE_METHOD_MATCH = YES;
				"CODE_SIGN_IDENTITY[sdk=iphoneos*]" = "iPhone Developer";
				COPY_PHASE_STRIP = NO;
				DEBUG_INFORMATION_FORMAT = "dwarf-with-dsym";
				ENABLE_NS_ASSERTIONS = NO;
				ENABLE_STRICT_OBJC_MSGSEND = YES;
				GCC_C_LANGUAGE_STANDARD = gnu99;
				GCC_NO_COMMON_BLOCKS = YES;
				GCC_WARN_64_TO_32_BIT_CONVERSION = YES;
				GCC_WARN_ABOUT_RETURN_TYPE = YES_ERROR;
				GCC_WARN_UNDECLARED_SELECTOR = YES;
				GCC_WARN_UNINITIALIZED_AUTOS = YES_AGGRESSIVE;
				GCC_WARN_UNUSED_FUNCTION = YES;
				GCC_WARN_UNUSED_VARIABLE = YES;
				IPHONEOS_DEPLOYMENT_TARGET = 10.0;
				MTL_ENABLE_DEBUG_INFO = NO;
				SDKROOT = iphoneos;
				SWIFT_OPTIMIZATION_LEVEL = "-Owholemodule";
				TARGETED_DEVICE_FAMILY = "1,2";
				VALIDATE_PRODUCT = YES;
			};
			name = Release;
		};
		40CCDF4B1DBBBCFB00D00981 /* Debug */ = {
			isa = XCBuildConfiguration;
			buildSettings = {
				ASSETCATALOG_COMPILER_APPICON_NAME = AppIcon;
				DEVELOPMENT_TEAM = FEB8F3NBZG;
				INFOPLIST_FILE = DairyNutrition/Info.plist;
				LD_RUNPATH_SEARCH_PATHS = "$(inherited) @executable_path/Frameworks";
				PRODUCT_BUNDLE_IDENTIFIER = com.osiris.DairyNutrition;
				PRODUCT_NAME = "$(TARGET_NAME)";
				SWIFT_VERSION = 3.0;
			};
			name = Debug;
		};
		40CCDF4C1DBBBCFB00D00981 /* Release */ = {
			isa = XCBuildConfiguration;
			buildSettings = {
				ASSETCATALOG_COMPILER_APPICON_NAME = AppIcon;
				DEVELOPMENT_TEAM = FEB8F3NBZG;
				INFOPLIST_FILE = DairyNutrition/Info.plist;
				LD_RUNPATH_SEARCH_PATHS = "$(inherited) @executable_path/Frameworks";
				PRODUCT_BUNDLE_IDENTIFIER = com.osiris.DairyNutrition;
				PRODUCT_NAME = "$(TARGET_NAME)";
				SWIFT_VERSION = 3.0;
			};
			name = Release;
		};
/* End XCBuildConfiguration section */

/* Begin XCConfigurationList section */
		40CCDF301DBBBCFB00D00981 /* Build configuration list for PBXProject "DairyNutrition" */ = {
			isa = XCConfigurationList;
			buildConfigurations = (
				40CCDF481DBBBCFB00D00981 /* Debug */,
				40CCDF491DBBBCFB00D00981 /* Release */,
			);
			defaultConfigurationIsVisible = 0;
			defaultConfigurationName = Release;
		};
		40CCDF4A1DBBBCFB00D00981 /* Build configuration list for PBXNativeTarget "DairyNutrition" */ = {
			isa = XCConfigurationList;
			buildConfigurations = (
				40CCDF4B1DBBBCFB00D00981 /* Debug */,
				40CCDF4C1DBBBCFB00D00981 /* Release */,
			);
			defaultConfigurationIsVisible = 0;
		};
/* End XCConfigurationList section */

/* Begin XCVersionGroup section */
		40CCDF3F1DBBBCFB00D00981 /* DairyNutrition.xcdatamodeld */ = {
			isa = XCVersionGroup;
			children = (
				40CCDF401DBBBCFB00D00981 /* DairyNutrition.xcdatamodel */,
			);
			currentVersion = 40CCDF401DBBBCFB00D00981 /* DairyNutrition.xcdatamodel */;
			path = DairyNutrition.xcdatamodeld;
			sourceTree = "<group>";
			versionGroupType = wrapper.xcdatamodel;
		};
/* End XCVersionGroup section */
	};
	rootObject = 40CCDF2D1DBBBCFB00D00981 /* Project object */;
}
